
Microsoft Visual Studio Solution File, Format Version 12.00
# Visual Studio 15
VisualStudioVersion = 15.0.26403.3
MinimumVisualStudioVersion = 10.0.40219.1
Project("{FAE04EC0-301F-11D3-BF4B-00C04F79EFBC}") = "WebEmpty", "WebEmpty\WebEmpty.csproj", "{FA87D8E9-DA9D-47F4-9BC4-CBFD07CA4E92}"
EndProject
Global
	GlobalSection(SolutionConfigurationPlatforms) = preSolution
		Debug|Any CPU = Debug|Any CPU
		Release|Any CPU = Release|Any CPU
	EndGlobalSection
	GlobalSection(ProjectConfigurationPlatforms) = postSolution
		{FA87D8E9-DA9D-47F4-9BC4-CBFD07CA4E92}.Debug|Any CPU.ActiveCfg = Debug|Any CPU
		{FA87D8E9-DA9D-47F4-9BC4-CBFD07CA4E92}.Debug|Any CPU.Build.0 = Debug|Any CPU
		{FA87D8E9-DA9D-47F4-9BC4-CBFD07CA4E92}.Release|Any CPU.ActiveCfg = Release|Any CPU
		{FA87D8E9-DA9D-47F4-9BC4-CBFD07CA4E92}.Release|Any CPU.Build.0 = Release|Any CPU
	EndGlobalSection
	GlobalSection(SolutionProperties) = preSolution
		HideSolutionNode = FALSE
	EndGlobalSection
EndGlobal
